[[package]]
category = "main"
description = "Screen-scraping library"
name = "beautifulsoup4"
optional = false
python-versions = "*"
version = "4.9.1"

[package.dependencies]
soupsieve = [">1.2", "<2.0"]

[package.extras]
html5lib = ["html5lib"]
lxml = ["lxml"]

[[package]]
category = "main"
description = "Python package for providing Mozilla's CA Bundle."
name = "certifi"
optional = false
python-versions = "*"
version = "2020.4.5.1"

[[package]]
category = "main"
description = "Universal encoding detector for Python 2 and 3"
name = "chardet"
optional = false
python-versions = "*"
version = "3.0.4"

[[package]]
category = "main"
description = "Simple library for color and formatting to terminal"
name = "colored"
optional = true
python-versions = "*"
version = "1.4.2"

[[package]]
category = "main"
description = "Turn (almost) any command line program into a full GUI application with one line"
name = "gooey"
optional = true
python-versions = "*"
version = "1.0.3.1"

[package.dependencies]
Pillow = ">=4.3.0"
colored = ">=1.3.93"
psutil = ">=5.4.2"
wxpython = "4.0.7"

[[package]]
category = "main"
description = "Internationalized Domain Names in Applications (IDNA)"
name = "idna"
optional = false
python-versions = ">=2.7, !=3.0.*, !=3.1.*, !=3.2.*, !=3.3.*"
version = "2.9"

[[package]]
category = "main"
description = "NumPy is the fundamental package for array computing with Python."
marker = "python_version >= \"3.0\""
name = "numpy"
optional = true
python-versions = ">=3.5"
version = "1.18.4"

[[package]]
category = "main"
description = "Python Imaging Library (Fork)"
name = "pillow"
optional = true
python-versions = ">=3.5"
version = "7.1.2"

[[package]]
category = "main"
description = "Python Lex & Yacc"
name = "ply"
optional = false
python-versions = "*"
version = "3.11"

[[package]]
category = "main"
description = "Cross-platform lib for process and system monitoring in Python."
name = "psutil"
optional = true
python-versions = ">=2.6, !=3.0.*, !=3.1.*, !=3.2.*, !=3.3.*"
version = "5.7.0"

[package.extras]
enum = ["enum34"]

[[package]]
category = "main"
description = "ASN.1 types and codecs"
name = "pyasn1"
optional = false
python-versions = "*"
version = "0.4.8"

[[package]]
category = "main"
description = "Cryptographic library for Python"
name = "pycryptodomex"
optional = false
python-versions = ">=2.6, !=3.0.*, !=3.1.*, !=3.2.*, !=3.3.*"
version = "3.9.7"

[[package]]
category = "main"
description = "SNMP SMI/MIB Parser"
name = "pysmi"
optional = false
python-versions = "*"
version = "0.3.4"

[package.dependencies]
ply = "*"

[[package]]
category = "main"
description = "SNMP library for Python"
name = "pysnmp"
optional = false
python-versions = "*"
version = "4.4.12"

[package.dependencies]
pyasn1 = ">=0.2.3"
pycryptodomex = "*"
pysmi = "*"

[[package]]
category = "main"
description = "Python HTTP for Humans."
name = "requests"
optional = false
python-versions = ">=2.7, !=3.0.*, !=3.1.*, !=3.2.*, !=3.3.*, !=3.4.*"
version = "2.23.0"

[package.dependencies]
certifi = ">=2017.4.17"
chardet = ">=3.0.2,<4"
idna = ">=2.5,<3"
urllib3 = ">=1.21.1,<1.25.0 || >1.25.0,<1.25.1 || >1.25.1,<1.26"

[package.extras]
security = ["pyOpenSSL (>=0.14)", "cryptography (>=1.3.4)"]
socks = ["PySocks (>=1.5.6,<1.5.7 || >1.5.7)", "win-inet-pton"]

[[package]]
category = "main"
description = "Python 2 and 3 compatibility utilities"
name = "six"
optional = true
python-versions = ">=2.7, !=3.0.*, !=3.1.*, !=3.2.*"
version = "1.14.0"

[[package]]
category = "main"
description = "A modern CSS selector implementation for Beautiful Soup."
name = "soupsieve"
optional = false
python-versions = "*"
version = "1.9.6"

[[package]]
category = "main"
description = "HTTP library with thread-safe connection pooling, file post, and more."
name = "urllib3"
optional = false
python-versions = ">=2.7, !=3.0.*, !=3.1.*, !=3.2.*, !=3.3.*, !=3.4.*, <4"
version = "1.25.9"

[package.extras]
brotli = ["brotlipy (>=0.6.0)"]
secure = ["certifi", "cryptography (>=1.3.4)", "idna (>=2.0.0)", "pyOpenSSL (>=0.14)", "ipaddress"]
socks = ["PySocks (>=1.5.6,<1.5.7 || >1.5.7,<2.0)"]

[[package]]
category = "main"
description = "Cross platform GUI toolkit for Python, \"Phoenix\" version"
name = "wxpython"
optional = true
python-versions = "*"
version = "4.0.7"

[package.dependencies]
pillow = "*"
six = "*"

[package.dependencies.numpy]
python = ">=3.0"
version = "*"

[extras]
graphical = ["Gooey"]

[metadata]
content-hash = "f3c9c92535c709e35872c5e42eeac5fed04fe124ba81efd74c32b792718a88ef"
python-versions = "^3.8"

[metadata.files]
beautifulsoup4 = [
    {file = "beautifulsoup4-4.9.1-py2-none-any.whl", hash = "sha256:e718f2342e2e099b640a34ab782407b7b676f47ee272d6739e60b8ea23829f2c"},
    {file = "beautifulsoup4-4.9.1-py3-none-any.whl", hash = "sha256:a6237df3c32ccfaee4fd201c8f5f9d9df619b93121d01353a64a73ce8c6ef9a8"},
    {file = "beautifulsoup4-4.9.1.tar.gz", hash = "sha256:73cc4d115b96f79c7d77c1c7f7a0a8d4c57860d1041df407dd1aae7f07a77fd7"},
]
certifi = [
    {file = "certifi-2020.4.5.1-py2.py3-none-any.whl", hash = "sha256:1d987a998c75633c40847cc966fcf5904906c920a7f17ef374f5aa4282abd304"},
    {file = "certifi-2020.4.5.1.tar.gz", hash = "sha256:51fcb31174be6e6664c5f69e3e1691a2d72a1a12e90f872cbdb1567eb47b6519"},
]
chardet = [
    {file = "chardet-3.0.4-py2.py3-none-any.whl", hash = "sha256:fc323ffcaeaed0e0a02bf4d117757b98aed530d9ed4531e3e15460124c106691"},
    {file = "chardet-3.0.4.tar.gz", hash = "sha256:84ab92ed1c4d4f16916e05906b6b75a6c0fb5db821cc65e70cbd64a3e2a5eaae"},
]
colored = [
    {file = "colored-1.4.2.tar.gz", hash = "sha256:056fac09d9e39b34296e7618897ed1b8c274f98423770c2980d829fd670955ed"},
]
gooey = [
    {file = "Gooey-1.0.3.1-py2.py3-none-any.whl", hash = "sha256:59955991291a5abff092e481cc21b4e5525b61768c2caa27f402b77196af5136"},
    {file = "Gooey-1.0.3.1.tar.gz", hash = "sha256:250169130c83b3ca8bbd12b2e77baaa9bd8766d3f01e65df814105187f5f3d6b"},
]
idna = [
    {file = "idna-2.9-py2.py3-none-any.whl", hash = "sha256:a068a21ceac8a4d63dbfd964670474107f541babbd2250d61922f029858365fa"},
    {file = "idna-2.9.tar.gz", hash = "sha256:7588d1c14ae4c77d74036e8c22ff447b26d0fde8f007354fd48a7814db15b7cb"},
]
numpy = [
    {file = "numpy-1.18.4-cp35-cp35m-macosx_10_9_intel.whl", hash = "sha256:efdba339fffb0e80fcc19524e4fdbda2e2b5772ea46720c44eaac28096d60720"},
    {file = "numpy-1.18.4-cp35-cp35m-manylinux1_i686.whl", hash = "sha256:2b573fcf6f9863ce746e4ad00ac18a948978bb3781cffa4305134d31801f3e26"},
    {file = "numpy-1.18.4-cp35-cp35m-manylinux1_x86_64.whl", hash = "sha256:3f0dae97e1126f529ebb66f3c63514a0f72a177b90d56e4bce8a0b5def34627a"},
    {file = "numpy-1.18.4-cp35-cp35m-win32.whl", hash = "sha256:dccd380d8e025c867ddcb2f84b439722cf1f23f3a319381eac45fd077dee7170"},
    {file = "numpy-1.18.4-cp35-cp35m-win_amd64.whl", hash = "sha256:02ec9582808c4e48be4e93cd629c855e644882faf704bc2bd6bbf58c08a2a897"},
    {file = "numpy-1.18.4-cp36-cp36m-macosx_10_9_x86_64.whl", hash = "sha256:904b513ab8fbcbdb062bed1ce2f794ab20208a1b01ce9bd90776c6c7e7257032"},
    {file = "numpy-1.18.4-cp36-cp36m-manylinux1_i686.whl", hash = "sha256:e22cd0f72fc931d6abc69dc7764484ee20c6a60b0d0fee9ce0426029b1c1bdae"},
    {file = "numpy-1.18.4-cp36-cp36m-manylinux1_x86_64.whl", hash = "sha256:2466fbcf23711ebc5daa61d28ced319a6159b260a18839993d871096d66b93f7"},
    {file = "numpy-1.18.4-cp36-cp36m-win32.whl", hash = "sha256:00d7b54c025601e28f468953d065b9b121ddca7fff30bed7be082d3656dd798d"},
    {file = "numpy-1.18.4-cp36-cp36m-win_amd64.whl", hash = "sha256:7d59f21e43bbfd9a10953a7e26b35b6849d888fc5a331fa84a2d9c37bd9fe2a2"},
    {file = "numpy-1.18.4-cp37-cp37m-macosx_10_9_x86_64.whl", hash = "sha256:efb7ac5572c9a57159cf92c508aad9f856f1cb8e8302d7fdb99061dbe52d712c"},
    {file = "numpy-1.18.4-cp37-cp37m-manylinux1_i686.whl", hash = "sha256:0e6f72f7bb08f2f350ed4408bb7acdc0daba637e73bce9f5ea2b207039f3af88"},
    {file = "numpy-1.18.4-cp37-cp37m-manylinux1_x86_64.whl", hash = "sha256:9933b81fecbe935e6a7dc89cbd2b99fea1bf362f2790daf9422a7bb1dc3c3085"},
    {file = "numpy-1.18.4-cp37-cp37m-win32.whl", hash = "sha256:96dd36f5cdde152fd6977d1bbc0f0561bccffecfde63cd397c8e6033eb66baba"},
    {file = "numpy-1.18.4-cp37-cp37m-win_amd64.whl", hash = "sha256:57aea170fb23b1fd54fa537359d90d383d9bf5937ee54ae8045a723caa5e0961"},
    {file = "numpy-1.18.4-cp38-cp38-macosx_10_9_x86_64.whl", hash = "sha256:ed722aefb0ebffd10b32e67f48e8ac4c5c4cf5d3a785024fdf0e9eb17529cd9d"},
    {file = "numpy-1.18.4-cp38-cp38-manylinux1_i686.whl", hash = "sha256:50fb72bcbc2cf11e066579cb53c4ca8ac0227abb512b6cbc1faa02d1595a2a5d"},
    {file = "numpy-1.18.4-cp38-cp38-manylinux1_x86_64.whl", hash = "sha256:709c2999b6bd36cdaf85cf888d8512da7433529f14a3689d6e37ab5242e7add5"},
    {file = "numpy-1.18.4-cp38-cp38-win32.whl", hash = "sha256:f22273dd6a403ed870207b853a856ff6327d5cbce7a835dfa0645b3fc00273ec"},
    {file = "numpy-1.18.4-cp38-cp38-win_amd64.whl", hash = "sha256:1be2e96314a66f5f1ce7764274327fd4fb9da58584eaff00b5a5221edefee7d6"},
    {file = "numpy-1.18.4.zip", hash = "sha256:bbcc85aaf4cd84ba057decaead058f43191cc0e30d6bc5d44fe336dc3d3f4509"},
]
pillow = [
    {file = "Pillow-7.1.2-cp35-cp35m-macosx_10_10_intel.whl", hash = "sha256:ae2b270f9a0b8822b98655cb3a59cdb1bd54a34807c6c56b76dd2e786c3b7db3"},
    {file = "Pillow-7.1.2-cp35-cp35m-manylinux1_i686.whl", hash = "sha256:d23e2aa9b969cf9c26edfb4b56307792b8b374202810bd949effd1c6e11ebd6d"},
    {file = "Pillow-7.1.2-cp35-cp35m-manylinux1_x86_64.whl", hash = "sha256:b532bcc2f008e96fd9241177ec580829dee817b090532f43e54074ecffdcd97f"},
    {file = "Pillow-7.1.2-cp35-cp35m-win32.whl", hash = "sha256:12e4bad6bddd8546a2f9771485c7e3d2b546b458ae8ff79621214119ac244523"},
    {file = "Pillow-7.1.2-cp35-cp35m-win_amd64.whl", hash = "sha256:9744350687459234867cbebfe9df8f35ef9e1538f3e729adbd8fde0761adb705"},
    {file = "Pillow-7.1.2-cp36-cp36m-macosx_10_10_x86_64.whl", hash = "sha256:f54be399340aa602066adb63a86a6a5d4f395adfdd9da2b9a0162ea808c7b276"},
    {file = "Pillow-7.1.2-cp36-cp36m-manylinux1_i686.whl", hash = "sha256:1f694e28c169655c50bb89a3fa07f3b854d71eb47f50783621de813979ba87f3"},
    {file = "Pillow-7.1.2-cp36-cp36m-manylinux1_x86_64.whl", hash = "sha256:f784aad988f12c80aacfa5b381ec21fd3f38f851720f652b9f33facc5101cf4d"},
    {file = "Pillow-7.1.2-cp36-cp36m-win32.whl", hash = "sha256:b37bb3bd35edf53125b0ff257822afa6962649995cbdfde2791ddb62b239f891"},
    {file = "Pillow-7.1.2-cp36-cp36m-win_amd64.whl", hash = "sha256:b67a6c47ed963c709ed24566daa3f95a18f07d3831334da570c71da53d97d088"},
    {file = "Pillow-7.1.2-cp37-cp37m-macosx_10_10_x86_64.whl", hash = "sha256:eaa83729eab9c60884f362ada982d3a06beaa6cc8b084cf9f76cae7739481dfa"},
    {file = "Pillow-7.1.2-cp37-cp37m-manylinux1_i686.whl", hash = "sha256:f46e0e024346e1474083c729d50de909974237c72daca05393ee32389dabe457"},
    {file = "Pillow-7.1.2-cp37-cp37m-manylinux1_x86_64.whl", hash = "sha256:0e2a3bceb0fd4e0cb17192ae506d5f082b309ffe5fc370a5667959c9b2f85fa3"},
    {file = "Pillow-7.1.2-cp37-cp37m-win32.whl", hash = "sha256:ccc9ad2460eb5bee5642eaf75a0438d7f8887d484490d5117b98edd7f33118b7"},
    {file = "Pillow-7.1.2-cp37-cp37m-win_amd64.whl", hash = "sha256:b943e71c2065ade6fef223358e56c167fc6ce31c50bc7a02dd5c17ee4338e8ac"},
    {file = "Pillow-7.1.2-cp38-cp38-macosx_10_10_x86_64.whl", hash = "sha256:04766c4930c174b46fd72d450674612ab44cca977ebbcc2dde722c6933290107"},
    {file = "Pillow-7.1.2-cp38-cp38-manylinux1_i686.whl", hash = "sha256:f455efb7a98557412dc6f8e463c1faf1f1911ec2432059fa3e582b6000fc90e2"},
    {file = "Pillow-7.1.2-cp38-cp38-manylinux1_x86_64.whl", hash = "sha256:ee94fce8d003ac9fd206496f2707efe9eadcb278d94c271f129ab36aa7181344"},
    {file = "Pillow-7.1.2-cp38-cp38-win32.whl", hash = "sha256:4b02b9c27fad2054932e89f39703646d0c543f21d3cc5b8e05434215121c28cd"},
    {file = "Pillow-7.1.2-cp38-cp38-win_amd64.whl", hash = "sha256:3d25dd8d688f7318dca6d8cd4f962a360ee40346c15893ae3b95c061cdbc4079"},
    {file = "Pillow-7.1.2-pp373-pypy36_pp73-win32.whl", hash = "sha256:0f01e63c34f0e1e2580cc0b24e86a5ccbbfa8830909a52ee17624c4193224cd9"},
    {file = "Pillow-7.1.2-py3.8-macosx-10.9-x86_64.egg", hash = "sha256:70e3e0d99a0dcda66283a185f80697a9b08806963c6149c8e6c5f452b2aa59c0"},
    {file = "Pillow-7.1.2.tar.gz", hash = "sha256:a0b49960110bc6ff5fead46013bcb8825d101026d466f3a4de3476defe0fb0dd"},
]
ply = [
    {file = "ply-3.11-py2.py3-none-any.whl", hash = "sha256:096f9b8350b65ebd2fd1346b12452efe5b9607f7482813ffca50c22722a807ce"},
    {file = "ply-3.11.tar.gz", hash = "sha256:00c7c1aaa88358b9c765b6d3000c6eec0ba42abca5351b095321aef446081da3"},
]
psutil = [
    {file = "psutil-5.7.0-cp27-none-win32.whl", hash = "sha256:298af2f14b635c3c7118fd9183843f4e73e681bb6f01e12284d4d70d48a60953"},
    {file = "psutil-5.7.0-cp27-none-win_amd64.whl", hash = "sha256:75e22717d4dbc7ca529ec5063000b2b294fc9a367f9c9ede1f65846c7955fd38"},
    {file = "psutil-5.7.0-cp35-cp35m-win32.whl", hash = "sha256:f344ca230dd8e8d5eee16827596f1c22ec0876127c28e800d7ae20ed44c4b310"},
    {file = "psutil-5.7.0-cp35-cp35m-win_amd64.whl", hash = "sha256:e2d0c5b07c6fe5a87fa27b7855017edb0d52ee73b71e6ee368fae268605cc3f5"},
    {file = "psutil-5.7.0-cp36-cp36m-win32.whl", hash = "sha256:a02f4ac50d4a23253b68233b07e7cdb567bd025b982d5cf0ee78296990c22d9e"},
    {file = "psutil-5.7.0-cp36-cp36m-win_amd64.whl", hash = "sha256:1413f4158eb50e110777c4f15d7c759521703bd6beb58926f1d562da40180058"},
    {file = "psutil-5.7.0-cp37-cp37m-win32.whl", hash = "sha256:d008ddc00c6906ec80040d26dc2d3e3962109e40ad07fd8a12d0284ce5e0e4f8"},
    {file = "psutil-5.7.0-cp37-cp37m-win_amd64.whl", hash = "sha256:73f35ab66c6c7a9ce82ba44b1e9b1050be2a80cd4dcc3352cc108656b115c74f"},
    {file = "psutil-5.7.0-cp38-cp38-win32.whl", hash = "sha256:60b86f327c198561f101a92be1995f9ae0399736b6eced8f24af41ec64fb88d4"},
    {file = "psutil-5.7.0-cp38-cp38-win_amd64.whl", hash = "sha256:d84029b190c8a66a946e28b4d3934d2ca1528ec94764b180f7d6ea57b0e75e26"},
    {file = "psutil-5.7.0.tar.gz", hash = "sha256:685ec16ca14d079455892f25bd124df26ff9137664af445563c1bd36629b5e0e"},
]
pyasn1 = [
    {file = "pyasn1-0.4.8-py2.4.egg", hash = "sha256:fec3e9d8e36808a28efb59b489e4528c10ad0f480e57dcc32b4de5c9d8c9fdf3"},
    {file = "pyasn1-0.4.8-py2.5.egg", hash = "sha256:0458773cfe65b153891ac249bcf1b5f8f320b7c2ce462151f8fa74de8934becf"},
    {file = "pyasn1-0.4.8-py2.6.egg", hash = "sha256:5c9414dcfede6e441f7e8f81b43b34e834731003427e5b09e4e00e3172a10f00"},
    {file = "pyasn1-0.4.8-py2.7.egg", hash = "sha256:6e7545f1a61025a4e58bb336952c5061697da694db1cae97b116e9c46abcf7c8"},
    {file = "pyasn1-0.4.8-py2.py3-none-any.whl", hash = "sha256:39c7e2ec30515947ff4e87fb6f456dfc6e84857d34be479c9d4a4ba4bf46aa5d"},
    {file = "pyasn1-0.4.8-py3.1.egg", hash = "sha256:78fa6da68ed2727915c4767bb386ab32cdba863caa7dbe473eaae45f9959da86"},
    {file = "pyasn1-0.4.8-py3.2.egg", hash = "sha256:08c3c53b75eaa48d71cf8c710312316392ed40899cb34710d092e96745a358b7"},
    {file = "pyasn1-0.4.8-py3.3.egg", hash = "sha256:03840c999ba71680a131cfaee6fab142e1ed9bbd9c693e285cc6aca0d555e576"},
    {file = "pyasn1-0.4.8-py3.4.egg", hash = "sha256:7ab8a544af125fb704feadb008c99a88805126fb525280b2270bb25cc1d78a12"},
    {file = "pyasn1-0.4.8-py3.5.egg", hash = "sha256:e89bf84b5437b532b0803ba5c9a5e054d21fec423a89952a74f87fa2c9b7bce2"},
    {file = "pyasn1-0.4.8-py3.6.egg", hash = "sha256:014c0e9976956a08139dc0712ae195324a75e142284d5f87f1a87ee1b068a359"},
    {file = "pyasn1-0.4.8-py3.7.egg", hash = "sha256:99fcc3c8d804d1bc6d9a099921e39d827026409a58f2a720dcdb89374ea0c776"},
    {file = "pyasn1-0.4.8.tar.gz", hash = "sha256:aef77c9fb94a3ac588e87841208bdec464471d9871bd5050a287cc9a475cd0ba"},
]
pycryptodomex = [
    {file = "pycryptodomex-3.9.7-cp27-cp27m-macosx_10_6_intel.whl", hash = "sha256:a3f2908666e6f74b8c4893f86dd02e16170f50e4a78ae7f3468b6208d54bc205"},
    {file = "pycryptodomex-3.9.7-cp27-cp27m-manylinux1_i686.whl", hash = "sha256:1537d2d15b604b303aef56e7f440895a1c81adbee786b91f1f06eddc34da5314"},
    {file = "pycryptodomex-3.9.7-cp27-cp27m-manylinux1_x86_64.whl", hash = "sha256:5cf306a17cccc327a33cdc3845629fa13f4573a4ec620ed607c79cf6785f2e27"},
    {file = "pycryptodomex-3.9.7-cp27-cp27m-win32.whl", hash = "sha256:37033976f72af829fe15f7fe5fe1dbed308cc43a98d9dd9d2a0a76de8ca5ee78"},
    {file = "pycryptodomex-3.9.7-cp27-cp27m-win_amd64.whl", hash = "sha256:ebfc2f885cafda076c31ae30fa0dd81e7e919ec34059a88d3018ed66e83fcce3"},
    {file = "pycryptodomex-3.9.7-cp27-cp27mu-manylinux1_i686.whl", hash = "sha256:5fff8da399af16a1855f58771223acbbdac720b9969cd03fc5013d2e9a7bd9a4"},
    {file = "pycryptodomex-3.9.7-cp27-cp27mu-manylinux1_x86_64.whl", hash = "sha256:f7e5fc5e124200b19a14be33fb0099e956e6ebb5e25d287b0829ef0a78ed76c7"},
    {file = "pycryptodomex-3.9.7-cp34-cp34m-manylinux1_i686.whl", hash = "sha256:e76e6638ead4a7d93262a24218f0ff3ff74de6b6c823b7e19dccb31b6a481978"},
    {file = "pycryptodomex-3.9.7-cp34-cp34m-manylinux1_x86_64.whl", hash = "sha256:6b3a9a562688996f760b5077714c3ab8b62ca56061b6e9ab7906841e43e19f91"},
    {file = "pycryptodomex-3.9.7-cp35-cp35m-macosx_10_6_intel.whl", hash = "sha256:4c93038ac011b36512cb0bf2ee3e2aec774e8bc81021d015917c89fe02bb0ee5"},
    {file = "pycryptodomex-3.9.7-cp35-cp35m-manylinux1_i686.whl", hash = "sha256:87aa70daad6f039e814790a06422a3189311198b674b62f13933a2bdcb6b1bcc"},
    {file = "pycryptodomex-3.9.7-cp35-cp35m-manylinux1_x86_64.whl", hash = "sha256:3c3dd9d4c9c1e279d3945ae422895c901f98987333acc132dc094faf52afec35"},
    {file = "pycryptodomex-3.9.7-cp35-cp35m-win32.whl", hash = "sha256:59b0ea9cda5490f924771456912a225d8d9e678891f9f986661af718534719b2"},
    {file = "pycryptodomex-3.9.7-cp35-cp35m-win_amd64.whl", hash = "sha256:99be3a1df2b2b9f731ebe1c264a2c07c465e71cee68e35e1640b645b5213a755"},
    {file = "pycryptodomex-3.9.7-cp36-cp36m-macosx_10_6_intel.whl", hash = "sha256:68650ce5b9f7152b8283302a4617269f821695a612692640dd247bd12ab21c0b"},
    {file = "pycryptodomex-3.9.7-cp36-cp36m-manylinux1_i686.whl", hash = "sha256:7e938ed51a59e29431ea86fab60423ada2757728db0f78952329fa02a789bd31"},
    {file = "pycryptodomex-3.9.7-cp36-cp36m-manylinux1_x86_64.whl", hash = "sha256:f5797a39933a3d41526da60856735e6684b2b71a8ca99d5f79555ca121be2f4b"},
    {file = "pycryptodomex-3.9.7-cp36-cp36m-win32.whl", hash = "sha256:e585d530764c459cbd5d460aed0288807bb881f376ca9a20e653645217895961"},
    {file = "pycryptodomex-3.9.7-cp36-cp36m-win_amd64.whl", hash = "sha256:45ee555fc5e28c119a46d44ce373f5237e54a35c61b750fb3a94446b09855dbc"},
    {file = "pycryptodomex-3.9.7-cp37-cp37m-macosx_10_6_intel.whl", hash = "sha256:d2c3c280975638e2a2c2fd9cb36ab111980219757fa163a2755594b9448e4138"},
    {file = "pycryptodomex-3.9.7-cp37-cp37m-manylinux1_i686.whl", hash = "sha256:1d20ab8369b7558168fc014a0745c678613f9f486dae468cca2d68145196b8a4"},
    {file = "pycryptodomex-3.9.7-cp37-cp37m-manylinux1_x86_64.whl", hash = "sha256:b1515ce3a8a2c3fa537d137c5ca5f8b7a902044d04e07d7c3aa26c3e026120fb"},
    {file = "pycryptodomex-3.9.7-cp37-cp37m-win32.whl", hash = "sha256:afb4c2fa3c6f492fd9a8b38d76e13f32d429b8e5e1e00238309391b5591cde0d"},
    {file = "pycryptodomex-3.9.7-cp37-cp37m-win_amd64.whl", hash = "sha256:c436919117c23355740c669f89720673578b9aa4569bbfe105f6c10101fc1966"},
    {file = "pycryptodomex-3.9.7-cp38-cp38-macosx_10_9_x86_64.whl", hash = "sha256:fb350e31e55211fec8ddc89fc0256f3b9bc3b44b68a8bde1cf44b3b4e80c0e42"},
    {file = "pycryptodomex-3.9.7-cp38-cp38-manylinux1_i686.whl", hash = "sha256:ae3d44a639fd11dbdeca47e35e94febb1ee8bc15daf26673331add37146e0b85"},
    {file = "pycryptodomex-3.9.7-cp38-cp38-manylinux1_x86_64.whl", hash = "sha256:3c9b3fba037ea52c626060c5a87ee6de7e86c99e8a7c6ee07302539985d2bd64"},
    {file = "pycryptodomex-3.9.7-cp38-cp38-win32.whl", hash = "sha256:bf391b377413a197000b43ef2b74359974d8927d329a897c9f5ba7b63dca7b9c"},
    {file = "pycryptodomex-3.9.7-cp38-cp38-win_amd64.whl", hash = "sha256:1ecc9db7409db67765eb008e558879d298406642d33ade43a6488224d23e8081"},
    {file = "pycryptodomex-3.9.7.tar.gz", hash = "sha256:50163324834edd0c9ce3e4512ded3e221c969086e10fdd5d3fdcaadac5e24a78"},
]
pysmi = [
    {file = "pysmi-0.3.4-py2.4.egg", hash = "sha256:13d937620529468d34d525089abbd569f3b34dd808085d34586e63fbbda40fdb"},
    {file = "pysmi-0.3.4-py2.5.egg", hash = "sha256:887f34233d284a3298f67e2e01db0af8817f358501c724f02175ae53a1f4f106"},
    {file = "pysmi-0.3.4-py2.6.egg", hash = "sha256:d6688b6121b71f18ca19040bfd27feca5f7a502598de953ec09a8e3f06c36a4e"},
    {file = "pysmi-0.3.4-py2.7.egg", hash = "sha256:abbd70efb8cf24d6c0bc782c996cd38f0c4905714edf8d03acbaa8ccd9c74eb7"},
    {file = "pysmi-0.3.4-py2.py3-none-any.whl", hash = "sha256:2ec6ebd41aaef562695e7d0058763c6e1e8c1fbf8710804c11ef3a857fc9cad7"},
    {file = "pysmi-0.3.4-py3.1.egg", hash = "sha256:ed44154e5d247edfad09bbe24a398cec54b6c393df2fa5103cf59ccf9278855a"},
    {file = "pysmi-0.3.4-py3.2.egg", hash = "sha256:9d989714a8ad40253b1adbb410067c339b4c77ecd004daa071055e200fe9a798"},
    {file = "pysmi-0.3.4-py3.3.egg", hash = "sha256:9fb837bb5662b11cce8d44e2dfff8604b97276ff9614aa74d5a33d1cea96d627"},
    {file = "pysmi-0.3.4-py3.4.egg", hash = "sha256:6e8524b80c6641bb9d81319e54bb0b75f47543e7d3bc7e8f12dcda960d7359c8"},
    {file = "pysmi-0.3.4-py3.5.egg", hash = "sha256:e4dc8155ccf2b7eaf96aef4b31f7558ce1cf41b3bb27d0cbe341b3c157531088"},
    {file = "pysmi-0.3.4-py3.6.egg", hash = "sha256:817c572dc8262a4b2ccff34b27e42ee55e48f74be42d22308b637aa236ce1785"},
    {file = "pysmi-0.3.4-py3.7.egg", hash = "sha256:7203220305bab6a20e2811fca927031440d3b1f9a4a1a5a2a12c033b911dc594"},
    {file = "pysmi-0.3.4.tar.gz", hash = "sha256:bd15a15020aee8376cab5be264c26330824a8b8164ed0195bd402dd59e4e8f7c"},
]
pysnmp = [
    {file = "pysnmp-4.4.12-py2.4.egg", hash = "sha256:5459b70e849eb4d14bd4c8e475fc67bfa4cd6676fc53aa2f307194319ce77602"},
    {file = "pysnmp-4.4.12-py2.5.egg", hash = "sha256:13177be8030bbc751d94b1f844cb8d8c2d62844dfd86383576e20f09864427b2"},
    {file = "pysnmp-4.4.12-py2.6.egg", hash = "sha256:c8d8a403e45a752daefed4635044b137c4390c68ffef54307e2390d8ac9e62e4"},
    {file = "pysnmp-4.4.12-py2.7.egg", hash = "sha256:3fa5f96a47986658564fa5c4a75b9ea617397729028f2a40b88972139a3e67f7"},
    {file = "pysnmp-4.4.12-py2.py3-none-any.whl", hash = "sha256:d90946c5d7c55b1ddc03e065a99a2ed36e748dcf166ca04ee4126b8f25fc057a"},
    {file = "pysnmp-4.4.12-py3.1.egg", hash = "sha256:8019dba728fbb5216645e1c1bd7bccaf25e938243d5dc7e28dbcc6ac029ff8b9"},
    {file = "pysnmp-4.4.12-py3.2.egg", hash = "sha256:e41b7dbd7e54030dd99a0780728bac3335f4d95c3f28f9b8df827f6075b8ccec"},
    {file = "pysnmp-4.4.12-py3.3.egg", hash = "sha256:ce2f260a41a107f08264a53c74940e0ad8ae7e35d9e10f33746716ac5c028592"},
    {file = "pysnmp-4.4.12-py3.4.egg", hash = "sha256:5e48994f48c5800022fff5d380976d88fcd27c17f1635ea4ef1d52796b1acd08"},
    {file = "pysnmp-4.4.12-py3.5.egg", hash = "sha256:578bb1dab0e67dfc583a61f721a9f6378c51b576ed6a90b229aefd60a9f965f6"},
    {file = "pysnmp-4.4.12-py3.6.egg", hash = "sha256:89ef66e511a0f770ec9bc7df8bebe6bebb3a3dc3b7394b7d408e42f92f74458b"},
    {file = "pysnmp-4.4.12-py3.7.egg", hash = "sha256:396b80187e6175481982b83f87d2de28c7068937d6772b5e2679cb56853bf7d7"},
    {file = "pysnmp-4.4.12.tar.gz", hash = "sha256:0c3dbef2f958caca96071fe5c19de43e9c1b0484ab02a0cf08b190bcee768ba9"},
]
requests = [
    {file = "requests-2.23.0-py2.py3-none-any.whl", hash = "sha256:43999036bfa82904b6af1d99e4882b560e5e2c68e5c4b0aa03b655f3d7d73fee"},
    {file = "requests-2.23.0.tar.gz", hash = "sha256:b3f43d496c6daba4493e7c431722aeb7dbc6288f52a6e04e7b6023b0247817e6"},
]
six = [
    {file = "six-1.14.0-py2.py3-none-any.whl", hash = "sha256:8f3cd2e254d8f793e7f3d6d9df77b92252b52637291d0f0da013c76ea2724b6c"},
    {file = "six-1.14.0.tar.gz", hash = "sha256:236bdbdce46e6e6a3d61a337c0f8b763ca1e8717c03b369e87a7ec7ce1319c0a"},
]
soupsieve = [
    {file = "soupsieve-1.9.6-py2.py3-none-any.whl", hash = "sha256:feb1e937fa26a69e08436aad4a9037cd7e1d4c7212909502ba30701247ff8abd"},
    {file = "soupsieve-1.9.6.tar.gz", hash = "sha256:7985bacc98c34923a439967c1a602dc4f1e15f923b6fcf02344184f86cc7efaa"},
]
urllib3 = [
    {file = "urllib3-1.25.9-py2.py3-none-any.whl", hash = "sha256:88206b0eb87e6d677d424843ac5209e3fb9d0190d0ee169599165ec25e9d9115"},
    {file = "urllib3-1.25.9.tar.gz", hash = "sha256:3018294ebefce6572a474f0604c2021e33b3fd8006ecd11d62107a5d2a963527"},
]
wxpython = [
    {file = "wxPython-4.0.7-cp27-cp27m-macosx_10_9_x86_64.whl", hash = "sha256:d847439a00d06cac64c99b20ade2cea6493d19c592e511b17693d8afcb626352"},
    {file = "wxPython-4.0.7-cp27-cp27m-win32.whl", hash = "sha256:fd28857e033398912e3284c66f2c70a11037ac9f01e8ef6d34edb41bddf6d7e7"},
    {file = "wxPython-4.0.7-cp27-cp27m-win_amd64.whl", hash = "sha256:00546722bc2766bf588f63c4b9597c2614fe2d873906980313156f7e9c2101ac"},
    {file = "wxPython-4.0.7-cp35-cp35m-macosx_10_6_intel.whl", hash = "sha256:9a98bf10b8cc1e78de57be67b8df67b4f987b3422b4d6e1afb1fb5bcab14369c"},
    {file = "wxPython-4.0.7-cp35-cp35m-win32.whl", hash = "sha256:66d5993b864793b13bf6090eb38c23dbb5af2613b681f25fb3754aa0a8b4eb70"},
    {file = "wxPython-4.0.7-cp35-cp35m-win_amd64.whl", hash = "sha256:43929f4451f124e1402845ded028af6521722d4c9a1febeae870ddae8b3f4e7a"},
    {file = "wxPython-4.0.7-cp36-cp36m-macosx_10_9_x86_64.whl", hash = "sha256:8263027e2ceab0ea43a13fb32850b277078a6bf281772ad643f2cd873b66a9f1"},
    {file = "wxPython-4.0.7-cp36-cp36m-win32.whl", hash = "sha256:4f9bdd247634bb09c7aadb33910d4f7bd250ac920c26ec6e9b176632b7f2dbc3"},
    {file = "wxPython-4.0.7-cp36-cp36m-win_amd64.whl", hash = "sha256:6852a7613b30eaa80b16bf14e21ea8da88929d12fb6b2339c3422d0815e47e35"},
    {file = "wxPython-4.0.7-cp37-cp37m-macosx_10_9_x86_64.whl", hash = "sha256:ff7a957e229188cd934ef06cb85f9f5fe8f23ae7f5adc1e926829b0770cb0cf1"},
    {file = "wxPython-4.0.7-cp37-cp37m-win32.whl", hash = "sha256:c15d0e1504f861ad6aabad192aafe31f33ff1292edcb938c4697d7da7a746e5a"},
    {file = "wxPython-4.0.7-cp37-cp37m-win_amd64.whl", hash = "sha256:ed3348d7df11983a34d566e060d8620380ffbe81b9b54bda47613c7e73306414"},
    {file = "wxPython-4.0.7-cp38-cp38-macosx_10_9_x86_64.whl", hash = "sha256:4dc128f0277471a51e96312cef621c9956030252170d5a73745d4d1b7e72f178"},
    {file = "wxPython-4.0.7-cp38-cp38-win32.whl", hash = "sha256:1bf8b7c330155d32ccceaf5278b2d2441bc3574bdc938c2a1d329762de351c8d"},
    {file = "wxPython-4.0.7-cp38-cp38-win_amd64.whl", hash = "sha256:c9b50854db07725d81288a13920afd6e36839b98d73c44c7c8f26d341ebb26ec"},
    {file = "wxPython-4.0.7.tar.gz", hash = "sha256:3be608bfdede3063678cc703453850ab0a018b82bafd5ee057302250b18f0233"},
]
